
Microsoft Visual Studio Solution File, Format Version 12.00
# Visual Studio Version 16
VisualStudioVersion = 16.0.30011.22
MinimumVisualStudioVersion = 10.0.40219.1
Project("{FAE04EC0-301F-11D3-BF4B-00C04F79EFBC}") = "UDM_ABM", "WindowsFormsApp1\UDM_ABM.csproj", "{A672EBE0-B12E-4612-B5C4-5FAC7C8E9606}"
EndProject
Global
	GlobalSection(SolutionConfigurationPlatforms) = preSolution
		Debug|Any CPU = Debug|Any CPU
		Release|Any CPU = Release|Any CPU
	EndGlobalSection
	GlobalSection(ProjectConfigurationPlatforms) = postSolution
		{A672EBE0-B12E-4612-B5C4-5FAC7C8E9606}.Debug|Any CPU.ActiveCfg = Debug|Any CPU
		{A672EBE0-B12E-4612-B5C4-5FAC7C8E9606}.Debug|Any CPU.Build.0 = Debug|Any CPU
		{A672EBE0-B12E-4612-B5C4-5FAC7C8E9606}.Release|Any CPU.ActiveCfg = Release|Any CPU
		{A672EBE0-B12E-4612-B5C4-5FAC7C8E9606}.Release|Any CPU.Build.0 = Release|Any CPU
	EndGlobalSection
	GlobalSection(SolutionProperties) = preSolution
		HideSolutionNode = FALSE
	EndGlobalSection
	GlobalSection(ExtensibilityGlobals) = postSolution
		SolutionGuid = {9E9388CF-62CF-4EDB-AF43-D3F61B2E3BA7}
	EndGlobalSection
EndGlobal
